// !$*UTF8*$!
{
	archiveVersion = 1;
	classes = {
	};
	objectVersion = 46;
	objects = {

/* Begin PBXBuildFile section */
		A8984F89D774FDA923210D46 /* Pods_GRStatusBar_Demo.framework in Frameworks */ = {isa = PBXBuildFile; fileRef = 0331F82B93DAE10C9461C9C4 /* Pods_GRStatusBar_Demo.framework */; };
		DD4D000F1C59B8CF00827ACB /* DesktopPicturesProvider.swift in Sources */ = {isa = PBXBuildFile; fileRef = DD4D000E1C59B8CF00827ACB /* DesktopPicturesProvider.swift */; };
		DD4D00111C59BAFE00827ACB /* CropImageView.swift in Sources */ = {isa = PBXBuildFile; fileRef = DD4D00101C59BAFE00827ACB /* CropImageView.swift */; };
		DD4DFFCF1C59975200827ACB /* AppDelegate.swift in Sources */ = {isa = PBXBuildFile; fileRef = DD4DFFCE1C59975200827ACB /* AppDelegate.swift */; };
		DD4DFFD11C59975200827ACB /* ViewController.swift in Sources */ = {isa = PBXBuildFile; fileRef = DD4DFFD01C59975200827ACB /* ViewController.swift */; };
		DD4DFFD31C59975200827ACB /* Assets.xcassets in Resources */ = {isa = PBXBuildFile; fileRef = DD4DFFD21C59975200827ACB /* Assets.xcassets */; };
		DD4DFFD61C59975200827ACB /* Main.storyboard in Resources */ = {isa = PBXBuildFile; fileRef = DD4DFFD41C59975200827ACB /* Main.storyboard */; };
/* End PBXBuildFile section */

/* Begin PBXCopyFilesBuildPhase section */
		DD4DFFFC1C59978100827ACB /* Embed Frameworks */ = {
			isa = PBXCopyFilesBuildPhase;
			buildActionMask = 2147483647;
			dstPath = "";
			dstSubfolderSpec = 10;
			files = (
			);
			name = "Embed Frameworks";
			runOnlyForDeploymentPostprocessing = 0;
		};
/* End PBXCopyFilesBuildPhase section */

/* Begin PBXFileReference section */
		0331F82B93DAE10C9461C9C4 /* Pods_GRStatusBar_Demo.framework */ = {isa = PBXFileReference; explicitFileType = wrapper.framework; includeInIndex = 0; path = Pods_GRStatusBar_Demo.framework; sourceTree = BUILT_PRODUCTS_DIR; };
		07EA332DDD7686995C747B1D /* Pods.framework */ = {isa = PBXFileReference; explicitFileType = wrapper.framework; includeInIndex = 0; path = Pods.framework; sourceTree = BUILT_PRODUCTS_DIR; };
		800DFDBF8036DC163DA40BD5 /* Pods.debug.xcconfig */ = {isa = PBXFileReference; includeInIndex = 1; lastKnownFileType = text.xcconfig; name = Pods.debug.xcconfig; path = "Pods/Target Support Files/Pods/Pods.debug.xcconfig"; sourceTree = "<group>"; };
		9D1F87611FEAF79CA9701094 /* Pods-GRStatusBar Demo.debug.xcconfig */ = {isa = PBXFileReference; includeInIndex = 1; lastKnownFileType = text.xcconfig; name = "Pods-GRStatusBar Demo.debug.xcconfig"; path = "Pods/Target Support Files/Pods-GRStatusBar Demo/Pods-GRStatusBar Demo.debug.xcconfig"; sourceTree = "<group>"; };
		D6F2FAF6BEF12A1F98674167 /* Pods-GRStatusBar Demo.release.xcconfig */ = {isa = PBXFileReference; includeInIndex = 1; lastKnownFileType = text.xcconfig; name = "Pods-GRStatusBar Demo.release.xcconfig"; path = "Pods/Target Support Files/Pods-GRStatusBar Demo/Pods-GRStatusBar Demo.release.xcconfig"; sourceTree = "<group>"; };
		DD4D000E1C59B8CF00827ACB /* DesktopPicturesProvider.swift */ = {isa = PBXFileReference; fileEncoding = 4; lastKnownFileType = sourcecode.swift; path = DesktopPicturesProvider.swift; sourceTree = "<group>"; };
		DD4D00101C59BAFE00827ACB /* CropImageView.swift */ = {isa = PBXFileReference; fileEncoding = 4; lastKnownFileType = sourcecode.swift; path = CropImageView.swift; sourceTree = "<group>"; };
		DD4DFFCB1C59975200827ACB /* GRStatusBar Demo.app */ = {isa = PBXFileReference; explicitFileType = wrapper.application; includeInIndex = 0; path = "GRStatusBar Demo.app"; sourceTree = BUILT_PRODUCTS_DIR; };
		DD4DFFCE1C59975200827ACB /* AppDelegate.swift */ = {isa = PBXFileReference; lastKnownFileType = sourcecode.swift; path = AppDelegate.swift; sourceTree = "<group>"; };
		DD4DFFD01C59975200827ACB /* ViewController.swift */ = {isa = PBXFileReference; lastKnownFileType = sourcecode.swift; path = ViewController.swift; sourceTree = "<group>"; };
		DD4DFFD21C59975200827ACB /* Assets.xcassets */ = {isa = PBXFileReference; lastKnownFileType = folder.assetcatalog; path = Assets.xcassets; sourceTree = "<group>"; };
		DD4DFFD51C59975200827ACB /* Base */ = {isa = PBXFileReference; lastKnownFileType = file.storyboard; name = Base; path = Base.lproj/Main.storyboard; sourceTree = "<group>"; };
		DD4DFFD71C59975200827ACB /* Info.plist */ = {isa = PBXFileReference; lastKnownFileType = text.plist.xml; path = Info.plist; sourceTree = "<group>"; };
		E5982AB56FD5D9C4872B9574 /* Pods.release.xcconfig */ = {isa = PBXFileReference; includeInIndex = 1; lastKnownFileType = text.xcconfig; name = Pods.release.xcconfig; path = "Pods/Target Support Files/Pods/Pods.release.xcconfig"; sourceTree = "<group>"; };
/* End PBXFileReference section */

/* Begin PBXFrameworksBuildPhase section */
		DD4DFFC81C59975200827ACB /* Frameworks */ = {
			isa = PBXFrameworksBuildPhase;
			buildActionMask = 2147483647;
			files = (
				A8984F89D774FDA923210D46 /* Pods_GRStatusBar_Demo.framework in Frameworks */,
			);
			runOnlyForDeploymentPostprocessing = 0;
		};
/* End PBXFrameworksBuildPhase section */

/* Begin PBXGroup section */
		6581EA4DC722F83DD90A300B /* Pods */ = {
			isa = PBXGroup;
			children = (
				800DFDBF8036DC163DA40BD5 /* Pods.debug.xcconfig */,
				E5982AB56FD5D9C4872B9574 /* Pods.release.xcconfig */,
				9D1F87611FEAF79CA9701094 /* Pods-GRStatusBar Demo.debug.xcconfig */,
				D6F2FAF6BEF12A1F98674167 /* Pods-GRStatusBar Demo.release.xcconfig */,
			);
			name = Pods;
			sourceTree = "<group>";
		};
		941F3680D7791FFBB3546A70 /* Frameworks */ = {
			isa = PBXGroup;
			children = (
				07EA332DDD7686995C747B1D /* Pods.framework */,
				0331F82B93DAE10C9461C9C4 /* Pods_GRStatusBar_Demo.framework */,
			);
			name = Frameworks;
			sourceTree = "<group>";
		};
		DD4DFFC21C59975200827ACB = {
			isa = PBXGroup;
			children = (
				DD4DFFCD1C59975200827ACB /* GRStatusBar Demo */,
				DD4DFFCC1C59975200827ACB /* Products */,
				6581EA4DC722F83DD90A300B /* Pods */,
				941F3680D7791FFBB3546A70 /* Frameworks */,
			);
			sourceTree = "<group>";
		};
		DD4DFFCC1C59975200827ACB /* Products */ = {
			isa = PBXGroup;
			children = (
				DD4DFFCB1C59975200827ACB /* GRStatusBar Demo.app */,
			);
			name = Products;
			sourceTree = "<group>";
		};
		DD4DFFCD1C59975200827ACB /* GRStatusBar Demo */ = {
			isa = PBXGroup;
			children = (
				DD4DFFCE1C59975200827ACB /* AppDelegate.swift */,
				DD4DFFD01C59975200827ACB /* ViewController.swift */,
				DD4DFFD21C59975200827ACB /* Assets.xcassets */,
				DD4DFFD41C59975200827ACB /* Main.storyboard */,
				DD4DFFD71C59975200827ACB /* Info.plist */,
				DD4D000E1C59B8CF00827ACB /* DesktopPicturesProvider.swift */,
				DD4D00101C59BAFE00827ACB /* CropImageView.swift */,
			);
			path = "GRStatusBar Demo";
			sourceTree = "<group>";
		};
/* End PBXGroup section */

/* Begin PBXNativeTarget section */
		DD4DFFCA1C59975200827ACB /* GRStatusBar Demo */ = {
			isa = PBXNativeTarget;
			buildConfigurationList = DD4DFFDA1C59975200827ACB /* Build configuration list for PBXNativeTarget "GRStatusBar Demo" */;
			buildPhases = (
				04675CBF12DE7836CD95B718 /* [CP] Check Pods Manifest.lock */,
				DD4DFFC71C59975200827ACB /* Sources */,
				DD4DFFC81C59975200827ACB /* Frameworks */,
				DD4DFFC91C59975200827ACB /* Resources */,
				DD4DFFFC1C59978100827ACB /* Embed Frameworks */,
				4A89459CBFA1A98319DBE9B9 /* [CP] Embed Pods Frameworks */,
				4EAE58D5FB4AF2C3301F4CC5 /* [CP] Copy Pods Resources */,
			);
			buildRules = (
			);
			dependencies = (
			);
			name = "GRStatusBar Demo";
			productName = "GRStatusBar Demo";
			productReference = DD4DFFCB1C59975200827ACB /* GRStatusBar Demo.app */;
			productType = "com.apple.product-type.application";
		};
/* End PBXNativeTarget section */

/* Begin PBXProject section */
		DD4DFFC31C59975200827ACB /* Project object */ = {
			isa = PBXProject;
			attributes = {
				LastSwiftUpdateCheck = 0720;
				LastUpgradeCheck = 0820;
				ORGANIZATIONNAME = "Guilherme Rambo";
				TargetAttributes = {
					DD4DFFCA1C59975200827ACB = {
						CreatedOnToolsVersion = 7.2;
						LastSwiftMigration = 0820;
					};
				};
			};
			buildConfigurationList = DD4DFFC61C59975200827ACB /* Build configuration list for PBXProject "GRStatusBar Demo" */;
			compatibilityVersion = "Xcode 3.2";
			developmentRegion = English;
			hasScannedForEncodings = 0;
			knownRegions = (
				en,
				Base,
			);
			mainGroup = DD4DFFC21C59975200827ACB;
			productRefGroup = DD4DFFCC1C59975200827ACB /* Products */;
			projectDirPath = "";
			projectRoot = "";
			targets = (
				DD4DFFCA1C59975200827ACB /* GRStatusBar Demo */,
			);
		};
/* End PBXProject section */

/* Begin PBXResourcesBuildPhase section */
		DD4DFFC91C59975200827ACB /* Resources */ = {
			isa = PBXResourcesBuildPhase;
			buildActionMask = 2147483647;
			files = (
				DD4DFFD31C59975200827ACB /* Assets.xcassets in Resources */,
				DD4DFFD61C59975200827ACB /* Main.storyboard in Resources */,
			);
			runOnlyForDeploymentPostprocessing = 0;
		};
/* End PBXResourcesBuildPhase section */

/* Begin PBXShellScriptBuildPhase section */
		04675CBF12DE7836CD95B718 /* [CP] Check Pods Manifest.lock */ = {
			isa = PBXShellScriptBuildPhase;
			buildActionMask = 2147483647;
			files = (
			);
			inputPaths = (
			);
			name = "[CP] Check Pods Manifest.lock";
			outputPaths = (
			);
			runOnlyForDeploymentPostprocessing = 0;
			shellPath = /bin/sh;
			shellScript = "diff \"${PODS_ROOT}/../Podfile.lock\" \"${PODS_ROOT}/Manifest.lock\" > /dev/null\nif [ $? != 0 ] ; then\n    # print error to STDERR\n    echo \"error: The sandbox is not in sync with the Podfile.lock. Run 'pod install' or update your CocoaPods installation.\" >&2\n    exit 1\nfi\n";
			showEnvVarsInLog = 0;
		};
		4A89459CBFA1A98319DBE9B9 /* [CP] Embed Pods Frameworks */ = {
			isa = PBXShellScriptBuildPhase;
			buildActionMask = 2147483647;
			files = (
			);
			inputPaths = (
			);
			name = "[CP] Embed Pods Frameworks";
			outputPaths = (
			);
			runOnlyForDeploymentPostprocessing = 0;
			shellPath = /bin/sh;
			shellScript = "\"${SRCROOT}/Pods/Target Support Files/Pods-GRStatusBar Demo/Pods-GRStatusBar Demo-frameworks.sh\"\n";
			showEnvVarsInLog = 0;
		};
		4EAE58D5FB4AF2C3301F4CC5 /* [CP] Copy Pods Resources */ = {
			isa = PBXShellScriptBuildPhase;
			buildActionMask = 2147483647;
			files = (
			);
			inputPaths = (
			);
			name = "[CP] Copy Pods Resources";
			outputPaths = (
			);
			runOnlyForDeploymentPostprocessing = 0;
			shellPath = /bin/sh;
			shellScript = "\"${SRCROOT}/Pods/Target Support Files/Pods-GRStatusBar Demo/Pods-GRStatusBar Demo-resources.sh\"\n";
			showEnvVarsInLog = 0;
		};
/* End PBXShellScriptBuildPhase section */

/* Begin PBXSourcesBuildPhase section */
		DD4DFFC71C59975200827ACB /* Sources */ = {
			isa = PBXSourcesBuildPhase;
			buildActionMask = 2147483647;
			files = (
				DD4D00111C59BAFE00827ACB /* CropImageView.swift in Sources */,
				DD4DFFD11C59975200827ACB /* ViewController.swift in Sources */,
				DD4DFFCF1C59975200827ACB /* AppDelegate.swift in Sources */,
				DD4D000F1C59B8CF00827ACB /* DesktopPicturesProvider.swift in Sources */,
			);
			runOnlyForDeploymentPostprocessing = 0;
		};
/* End PBXSourcesBuildPhase section */

/* Begin PBXVariantGroup section */
		DD4DFFD41C59975200827ACB /* Main.storyboard */ = {
			isa = PBXVariantGroup;
			children = (
				DD4DFFD51C59975200827ACB /* Base */,
			);
			name = Main.storyboard;
			sourceTree = "<group>";
		};
/* End PBXVariantGroup section */

/* Begin XCBuildConfiguration section */
		DD4DFFD81C59975200827ACB /* Debug */ = {
			isa = XCBuildConfiguration;
			buildSettings = {
				ALWAYS_SEARCH_USER_PATHS = NO;
				CLANG_CXX_LANGUAGE_STANDARD = "gnu++0x";
				CLANG_CXX_LIBRARY = "libc++";
				CLANG_ENABLE_MODULES = YES;
				CLANG_ENABLE_OBJC_ARC = YES;
				CLANG_WARN_BOOL_CONVERSION = YES;
				CLANG_WARN_CONSTANT_CONVERSION = YES;
				CLANG_WARN_DIRECT_OBJC_ISA_USAGE = YES_ERROR;
				CLANG_WARN_EMPTY_BODY = YES;
				CLANG_WARN_ENUM_CONVERSION = YES;
				CLANG_WARN_INFINITE_RECURSION = YES;
				CLANG_WARN_INT_CONVERSION = YES;
				CLANG_WARN_OBJC_ROOT_CLASS = YES_ERROR;
				CLANG_WARN_SUSPICIOUS_MOVE = YES;
				CLANG_WARN_UNREACHABLE_CODE = YES;
				CLANG_WARN__DUPLICATE_METHOD_MATCH = YES;
				CODE_SIGN_IDENTITY = "-";
				COPY_PHASE_STRIP = NO;
				DEBUG_INFORMATION_FORMAT = dwarf;
				ENABLE_STRICT_OBJC_MSGSEND = YES;
				ENABLE_TESTABILITY = YES;
				GCC_C_LANGUAGE_STANDARD = gnu99;
				GCC_DYNAMIC_NO_PIC = NO;
				GCC_NO_COMMON_BLOCKS = YES;
				GCC_OPTIMIZATION_LEVEL = 0;
				GCC_PREPROCESSOR_DEFINITIONS = (
					"DEBUG=1",
					"$(inherited)",
				);
				GCC_WARN_64_TO_32_BIT_CONVERSION = YES;
				GCC_WARN_ABOUT_RETURN_TYPE = YES_ERROR;
				GCC_WARN_UNDECLARED_SELECTOR = YES;
				GCC_WARN_UNINITIALIZED_AUTOS = YES_AGGRESSIVE;
				GCC_WARN_UNUSED_FUNCTION = YES;
				GCC_WARN_UNUSED_VARIABLE = YES;
				MACOSX_DEPLOYMENT_TARGET = 10.11;
				MTL_ENABLE_DEBUG_INFO = YES;
				ONLY_ACTIVE_ARCH = YES;
				SDKROOT = macosx;
				SWIFT_OPTIMIZATION_LEVEL = "-Onone";
			};
			name = Debug;
		};
		DD4DFFD91C59975200827ACB /* Release */ = {
			isa = XCBuildConfiguration;
			buildSettings = {
				ALWAYS_SEARCH_USER_PATHS = NO;
				CLANG_CXX_LANGUAGE_STANDARD = "gnu++0x";
				CLANG_CXX_LIBRARY = "libc++";
				CLANG_ENABLE_MODULES = YES;
				CLANG_ENABLE_OBJC_ARC = YES;
				CLANG_WARN_BOOL_CONVERSION = YES;
				CLANG_WARN_CONSTANT_CONVERSION = YES;
				CLANG_WARN_DIRECT_OBJC_ISA_USAGE = YES_ERROR;
				CLANG_WARN_EMPTY_BODY = YES;
				CLANG_WARN_ENUM_CONVERSION = YES;
				CLANG_WARN_INFINITE_RECURSION = YES;
				CLANG_WARN_INT_CONVERSION = YES;
				CLANG_WARN_OBJC_ROOT_CLASS = YES_ERROR;
				CLANG_WARN_SUSPICIOUS_MOVE = YES;
				CLANG_WARN_UNREACHABLE_CODE = YES;
				CLANG_WARN__DUPLICATE_METHOD_MATCH = YES;
				CODE_SIGN_IDENTITY = "-";
				COPY_PHASE_STRIP = NO;
				DEBUG_INFORMATION_FORMAT = "dwarf-with-dsym";
				ENABLE_NS_ASSERTIONS = NO;
				ENABLE_STRICT_OBJC_MSGSEND = YES;
				GCC_C_LANGUAGE_STANDARD = gnu99;
				GCC_NO_COMMON_BLOCKS = YES;
				GCC_WARN_64_TO_32_BIT_CONVERSION = YES;
				GCC_WARN_ABOUT_RETURN_TYPE = YES_ERROR;
				GCC_WARN_UNDECLARED_SELECTOR = YES;
				GCC_WARN_UNINITIALIZED_AUTOS = YES_AGGRESSIVE;
				GCC_WARN_UNUSED_FUNCTION = YES;
				GCC_WARN_UNUSED_VARIABLE = YES;
				MACOSX_DEPLOYMENT_TARGET = 10.11;
				MTL_ENABLE_DEBUG_INFO = NO;
				SDKROOT = macosx;
				SWIFT_OPTIMIZATION_LEVEL = "-Owholemodule";
			};
			name = Release;
		};
		DD4DFFDB1C59975200827ACB /* Debug */ = {
			isa = XCBuildConfiguration;
			baseConfigurationReference = 9D1F87611FEAF79CA9701094 /* Pods-GRStatusBar Demo.debug.xcconfig */;
			buildSettings = {
				ASSETCATALOG_COMPILER_APPICON_NAME = AppIcon;
				COMBINE_HIDPI_IMAGES = YES;
				INFOPLIST_FILE = "GRStatusBar Demo/Info.plist";
				LD_RUNPATH_SEARCH_PATHS = "$(inherited) @executable_path/../Frameworks";
				PRODUCT_BUNDLE_IDENTIFIER = "br.com.guilhermerambo.GRStatusBar-Demo";
				PRODUCT_NAME = "$(TARGET_NAME)";
				SWIFT_VERSION = 3.0;
			};
			name = Debug;
		};
		DD4DFFDC1C59975200827ACB /* Release */ = {
			isa = XCBuildConfiguration;
			baseConfigurationReference = D6F2FAF6BEF12A1F98674167 /* Pods-GRStatusBar Demo.release.xcconfig */;
			buildSettings = {
				ASSETCATALOG_COMPILER_APPICON_NAME = AppIcon;
				COMBINE_HIDPI_IMAGES = YES;
				INFOPLIST_FILE = "GRStatusBar Demo/Info.plist";
				LD_RUNPATH_SEARCH_PATHS = "$(inherited) @executable_path/../Frameworks";
				PRODUCT_BUNDLE_IDENTIFIER = "br.com.guilhermerambo.GRStatusBar-Demo";
				PRODUCT_NAME = "$(TARGET_NAME)";
				SWIFT_VERSION = 3.0;
			};
			name = Release;
		};
/* End XCBuildConfiguration section */

/* Begin XCConfigurationList section */
		DD4DFFC61C59975200827ACB /* Build configuration list for PBXProject "GRStatusBar Demo" */ = {
			isa = XCConfigurationList;
			buildConfigurations = (
				DD4DFFD81C59975200827ACB /* Debug */,
				DD4DFFD91C59975200827ACB /* Release */,
			);
			defaultConfigurationIsVisible = 0;
			defaultConfigurationName = Release;
		};
		DD4DFFDA1C59975200827ACB /* Build configuration list for PBXNativeTarget "GRStatusBar Demo" */ = {
			isa = XCConfigurationList;
			buildConfigurations = (
				DD4DFFDB1C59975200827ACB /* Debug */,
				DD4DFFDC1C59975200827ACB /* Release */,
			);
			defaultConfigurationIsVisible = 0;
			defaultConfigurationName = Release;
		};
/* End XCConfigurationList section */
	};
	rootObject = DD4DFFC31C59975200827ACB /* Project object */;
}
